// !$*UTF8*$!
{
	archiveVersion = 1;
	classes = {
	};
	objectVersion = 56;
	objects = {

/* Begin PBXBuildFile section */
		62AF0EC72C12613F0086BC9F /* AppDelegate.swift in Sources */ = {isa = PBXBuildFile; fileRef = 62AF0EC62C12613F0086BC9F /* AppDelegate.swift */; };
		62AF0EC92C12613F0086BC9F /* SceneDelegate.swift in Sources */ = {isa = PBXBuildFile; fileRef = 62AF0EC82C12613F0086BC9F /* SceneDelegate.swift */; };
		62AF0ECB2C12613F0086BC9F /* ViewController.swift in Sources */ = {isa = PBXBuildFile; fileRef = 62AF0ECA2C12613F0086BC9F /* ViewController.swift */; };
		62AF0ECE2C12613F0086BC9F /* Base in Resources */ = {isa = PBXBuildFile; fileRef = 62AF0ECD2C12613F0086BC9F /* Base */; };
		62AF0ED02C1261450086BC9F /* Assets.xcassets in Resources */ = {isa = PBXBuildFile; fileRef = 62AF0ECF2C1261450086BC9F /* Assets.xcassets */; };
		62AF0ED32C1261450086BC9F /* Base in Resources */ = {isa = PBXBuildFile; fileRef = 62AF0ED22C1261450086BC9F /* Base */; };
		62AF0EDE2C1261490086BC9F /* DemoUITestingAreaTests.swift in Sources */ = {isa = PBXBuildFile; fileRef = 62AF0EDD2C1261490086BC9F /* DemoUITestingAreaTests.swift */; };
		62AF0EE82C1261490086BC9F /* DemoUITestingAreaUITests.swift in Sources */ = {isa = PBXBuildFile; fileRef = 62AF0EE72C1261490086BC9F /* DemoUITestingAreaUITests.swift */; };
		62AF0EEA2C1261490086BC9F /* DemoUITestingAreaUITestsLaunchTests.swift in Sources */ = {isa = PBXBuildFile; fileRef = 62AF0EE92C1261490086BC9F /* DemoUITestingAreaUITestsLaunchTests.swift */; };
/* End PBXBuildFile section */

/* Begin PBXContainerItemProxy section */
		62AF0EDA2C1261480086BC9F /* PBXContainerItemProxy */ = {
			isa = PBXContainerItemProxy;
			containerPortal = 62AF0EBB2C12613F0086BC9F /* Project object */;
			proxyType = 1;
			remoteGlobalIDString = 62AF0EC22C12613F0086BC9F;
			remoteInfo = DemoUITestingArea;
		};
		62AF0EE42C1261490086BC9F /* PBXContainerItemProxy */ = {
			isa = PBXContainerItemProxy;
			containerPortal = 62AF0EBB2C12613F0086BC9F /* Project object */;
			proxyType = 1;
			remoteGlobalIDString = 62AF0EC22C12613F0086BC9F;
			remoteInfo = DemoUITestingArea;
		};
/* End PBXContainerItemProxy section */

/* Begin PBXFileReference section */
		62AF0EC32C12613F0086BC9F /* DemoUITestingArea.app */ = {isa = PBXFileReference; explicitFileType = wrapper.application; includeInIndex = 0; path = DemoUITestingArea.app; sourceTree = BUILT_PRODUCTS_DIR; };
		62AF0EC62C12613F0086BC9F /* AppDelegate.swift */ = {isa = PBXFileReference; lastKnownFileType = sourcecode.swift; path = AppDelegate.swift; sourceTree = "<group>"; };
		62AF0EC82C12613F0086BC9F /* SceneDelegate.swift */ = {isa = PBXFileReference; lastKnownFileType = sourcecode.swift; path = SceneDelegate.swift; sourceTree = "<group>"; };
		62AF0ECA2C12613F0086BC9F /* ViewController.swift */ = {isa = PBXFileReference; lastKnownFileType = sourcecode.swift; path = ViewController.swift; sourceTree = "<group>"; };
		62AF0ECD2C12613F0086BC9F /* Base */ = {isa = PBXFileReference; lastKnownFileType = file.storyboard; name = Base; path = Base.lproj/Main.storyboard; sourceTree = "<group>"; };
		62AF0ECF2C1261450086BC9F /* Assets.xcassets */ = {isa = PBXFileReference; lastKnownFileType = folder.assetcatalog; path = Assets.xcassets; sourceTree = "<group>"; };
		62AF0ED22C1261450086BC9F /* Base */ = {isa = PBXFileReference; lastKnownFileType = file.storyboard; name = Base; path = Base.lproj/LaunchScreen.storyboard; sourceTree = "<group>"; };
		62AF0ED42C1261450086BC9F /* Info.plist */ = {isa = PBXFileReference; lastKnownFileType = text.plist.xml; path = Info.plist; sourceTree = "<group>"; };
		62AF0ED92C1261480086BC9F /* DemoUITestingAreaTests.xctest */ = {isa = PBXFileReference; explicitFileType = wrapper.cfbundle; includeInIndex = 0; path = DemoUITestingAreaTests.xctest; sourceTree = BUILT_PRODUCTS_DIR; };
		62AF0EDD2C1261490086BC9F /* DemoUITestingAreaTests.swift */ = {isa = PBXFileReference; lastKnownFileType = sourcecode.swift; path = DemoUITestingAreaTests.swift; sourceTree = "<group>"; };
		62AF0EE32C1261490086BC9F /* DemoUITestingAreaUITests.xctest */ = {isa = PBXFileReference; explicitFileType = wrapper.cfbundle; includeInIndex = 0; path = DemoUITestingAreaUITests.xctest; sourceTree = BUILT_PRODUCTS_DIR; };
		62AF0EE72C1261490086BC9F /* DemoUITestingAreaUITests.swift */ = {isa = PBXFileReference; lastKnownFileType = sourcecode.swift; path = DemoUITestingAreaUITests.swift; sourceTree = "<group>"; };
		62AF0EE92C1261490086BC9F /* DemoUITestingAreaUITestsLaunchTests.swift */ = {isa = PBXFileReference; lastKnownFileType = sourcecode.swift; path = DemoUITestingAreaUITestsLaunchTests.swift; sourceTree = "<group>"; };
/* End PBXFileReference section */

/* Begin PBXFrameworksBuildPhase section */
		62AF0EC02C12613F0086BC9F /* Frameworks */ = {
			isa = PBXFrameworksBuildPhase;
			buildActionMask = 2147483647;
			files = (
			);
			runOnlyForDeploymentPostprocessing = 0;
		};
		62AF0ED62C1261480086BC9F /* Frameworks */ = {
			isa = PBXFrameworksBuildPhase;
			buildActionMask = 2147483647;
			files = (
			);
			runOnlyForDeploymentPostprocessing = 0;
		};
		62AF0EE02C1261490086BC9F /* Frameworks */ = {
			isa = PBXFrameworksBuildPhase;
			buildActionMask = 2147483647;
			files = (
			);
			runOnlyForDeploymentPostprocessing = 0;
		};
/* End PBXFrameworksBuildPhase section */

/* Begin PBXGroup section */
		62AF0EBA2C12613F0086BC9F = {
			isa = PBXGroup;
			children = (
				62AF0EC52C12613F0086BC9F /* DemoUITestingArea */,
				62AF0EDC2C1261480086BC9F /* DemoUITestingAreaTests */,
				62AF0EE62C1261490086BC9F /* DemoUITestingAreaUITests */,
				62AF0EC42C12613F0086BC9F /* Products */,
			);
			sourceTree = "<group>";
		};
		62AF0EC42C12613F0086BC9F /* Products */ = {
			isa = PBXGroup;
			children = (
				62AF0EC32C12613F0086BC9F /* DemoUITestingArea.app */,
				62AF0ED92C1261480086BC9F /* DemoUITestingAreaTests.xctest */,
				62AF0EE32C1261490086BC9F /* DemoUITestingAreaUITests.xctest */,
			);
			name = Products;
			sourceTree = "<group>";
		};
		62AF0EC52C12613F0086BC9F /* DemoUITestingArea */ = {
			isa = PBXGroup;
			children = (
				62AF0EC62C12613F0086BC9F /* AppDelegate.swift */,
				62AF0EC82C12613F0086BC9F /* SceneDelegate.swift */,
				62AF0ECA2C12613F0086BC9F /* ViewController.swift */,
				62AF0ECC2C12613F0086BC9F /* Main.storyboard */,
				62AF0ECF2C1261450086BC9F /* Assets.xcassets */,
				62AF0ED12C1261450086BC9F /* LaunchScreen.storyboard */,
				62AF0ED42C1261450086BC9F /* Info.plist */,
			);
			path = DemoUITestingArea;
			sourceTree = "<group>";
		};
		62AF0EDC2C1261480086BC9F /* DemoUITestingAreaTests */ = {
			isa = PBXGroup;
			children = (
				62AF0EDD2C1261490086BC9F /* DemoUITestingAreaTests.swift */,
			);
			path = DemoUITestingAreaTests;
			sourceTree = "<group>";
		};
		62AF0EE62C1261490086BC9F /* DemoUITestingAreaUITests */ = {
			isa = PBXGroup;
			children = (
				62AF0EE72C1261490086BC9F /* DemoUITestingAreaUITests.swift */,
				62AF0EE92C1261490086BC9F /* DemoUITestingAreaUITestsLaunchTests.swift */,
			);
			path = DemoUITestingAreaUITests;
			sourceTree = "<group>";
		};
/* End PBXGroup section */

/* Begin PBXNativeTarget section */
		62AF0EC22C12613F0086BC9F /* DemoUITestingArea */ = {
			isa = PBXNativeTarget;
			buildConfigurationList = 62AF0EED2C1261490086BC9F /* Build configuration list for PBXNativeTarget "DemoUITestingArea" */;
			buildPhases = (
				62AF0EBF2C12613F0086BC9F /* Sources */,
				62AF0EC02C12613F0086BC9F /* Frameworks */,
				62AF0EC12C12613F0086BC9F /* Resources */,
			);
			buildRules = (
			);
			dependencies = (
			);
			name = DemoUITestingArea;
			productName = DemoUITestingArea;
			productReference = 62AF0EC32C12613F0086BC9F /* DemoUITestingArea.app */;
			productType = "com.apple.product-type.application";
		};
		62AF0ED82C1261480086BC9F /* DemoUITestingAreaTests */ = {
			isa = PBXNativeTarget;
			buildConfigurationList = 62AF0EF02C1261490086BC9F /* Build configuration list for PBXNativeTarget "DemoUITestingAreaTests" */;
			buildPhases = (
				62AF0ED52C1261480086BC9F /* Sources */,
				62AF0ED62C1261480086BC9F /* Frameworks */,
				62AF0ED72C1261480086BC9F /* Resources */,
			);
			buildRules = (
			);
			dependencies = (
				62AF0EDB2C1261480086BC9F /* PBXTargetDependency */,
			);
			name = DemoUITestingAreaTests;
			productName = DemoUITestingAreaTests;
			productReference = 62AF0ED92C1261480086BC9F /* DemoUITestingAreaTests.xctest */;
			productType = "com.apple.product-type.bundle.unit-test";
		};
		62AF0EE22C1261490086BC9F /* DemoUITestingAreaUITests */ = {
			isa = PBXNativeTarget;
			buildConfigurationList = 62AF0EF32C1261490086BC9F /* Build configuration list for PBXNativeTarget "DemoUITestingAreaUITests" */;
			buildPhases = (
				62AF0EDF2C1261490086BC9F /* Sources */,
				62AF0EE02C1261490086BC9F /* Frameworks */,
				62AF0EE12C1261490086BC9F /* Resources */,
			);
			buildRules = (
			);
			dependencies = (
				62AF0EE52C1261490086BC9F /* PBXTargetDependency */,
			);
			name = DemoUITestingAreaUITests;
			productName = DemoUITestingAreaUITests;
			productReference = 62AF0EE32C1261490086BC9F /* DemoUITestingAreaUITests.xctest */;
			productType = "com.apple.product-type.bundle.ui-testing";
		};
/* End PBXNativeTarget section */

/* Begin PBXProject section */
		62AF0EBB2C12613F0086BC9F /* Project object */ = {
			isa = PBXProject;
			attributes = {
				BuildIndependentTargetsInParallel = 1;
				LastSwiftUpdateCheck = 1540;
				LastUpgradeCheck = 1540;
				TargetAttributes = {
					62AF0EC22C12613F0086BC9F = {
						CreatedOnToolsVersion = 15.4;
					};
					62AF0ED82C1261480086BC9F = {
						CreatedOnToolsVersion = 15.4;
						TestTargetID = 62AF0EC22C12613F0086BC9F;
					};
					62AF0EE22C1261490086BC9F = {
						CreatedOnToolsVersion = 15.4;
						TestTargetID = 62AF0EC22C12613F0086BC9F;
					};
				};
			};
			buildConfigurationList = 62AF0EBE2C12613F0086BC9F /* Build configuration list for PBXProject "DemoUITestingArea" */;
			compatibilityVersion = "Xcode 14.0";
			developmentRegion = en;
			hasScannedForEncodings = 0;
			knownRegions = (
				en,
				Base,
			);
			mainGroup = 62AF0EBA2C12613F0086BC9F;
			productRefGroup = 62AF0EC42C12613F0086BC9F /* Products */;
			projectDirPath = "";
			projectRoot = "";
			targets = (
				62AF0EC22C12613F0086BC9F /* DemoUITestingArea */,
				62AF0ED82C1261480086BC9F /* DemoUITestingAreaTests */,
				62AF0EE22C1261490086BC9F /* DemoUITestingAreaUITests */,
			);
		};
/* End PBXProject section */

/* Begin PBXResourcesBuildPhase section */
		62AF0EC12C12613F0086BC9F /* Resources */ = {
			isa = PBXResourcesBuildPhase;
			buildActionMask = 2147483647;
			files = (
				62AF0ED02C1261450086BC9F /* Assets.xcassets in Resources */,
				62AF0ED32C1261450086BC9F /* Base in Resources */,
				62AF0ECE2C12613F0086BC9F /* Base in Resources */,
			);
			runOnlyForDeploymentPostprocessing = 0;
		};
		62AF0ED72C1261480086BC9F /* Resources */ = {
			isa = PBXResourcesBuildPhase;
			buildActionMask = 2147483647;
			files = (
			);
			runOnlyForDeploymentPostprocessing = 0;
		};
		62AF0EE12C1261490086BC9F /* Resources */ = {
			isa = PBXResourcesBuildPhase;
			buildActionMask = 2147483647;
			files = (
			);
			runOnlyForDeploymentPostprocessing = 0;
		};
/* End PBXResourcesBuildPhase section */

/* Begin PBXSourcesBuildPhase section */
		62AF0EBF2C12613F0086BC9F /* Sources */ = {
			isa = PBXSourcesBuildPhase;
			buildActionMask = 2147483647;
			files = (
				62AF0ECB2C12613F0086BC9F /* ViewController.swift in Sources */,
				62AF0EC72C12613F0086BC9F /* AppDelegate.swift in Sources */,
				62AF0EC92C12613F0086BC9F /* SceneDelegate.swift in Sources */,
			);
			runOnlyForDeploymentPostprocessing = 0;
		};
		62AF0ED52C1261480086BC9F /* Sources */ = {
			isa = PBXSourcesBuildPhase;
			buildActionMask = 2147483647;
			files = (
				62AF0EDE2C1261490086BC9F /* DemoUITestingAreaTests.swift in Sources */,
			);
			runOnlyForDeploymentPostprocessing = 0;
		};
		62AF0EDF2C1261490086BC9F /* Sources */ = {
			isa = PBXSourcesBuildPhase;
			buildActionMask = 2147483647;
			files = (
				62AF0EE82C1261490086BC9F /* DemoUITestingAreaUITests.swift in Sources */,
				62AF0EEA2C1261490086BC9F /* DemoUITestingAreaUITestsLaunchTests.swift in Sources */,
			);
			runOnlyForDeploymentPostprocessing = 0;
		};
/* End PBXSourcesBuildPhase section */

/* Begin PBXTargetDependency section */
		62AF0EDB2C1261480086BC9F /* PBXTargetDependency */ = {
			isa = PBXTargetDependency;
			target = 62AF0EC22C12613F0086BC9F /* DemoUITestingArea */;
			targetProxy = 62AF0EDA2C1261480086BC9F /* PBXContainerItemProxy */;
		};
		62AF0EE52C1261490086BC9F /* PBXTargetDependency */ = {
			isa = PBXTargetDependency;
			target = 62AF0EC22C12613F0086BC9F /* DemoUITestingArea */;
			targetProxy = 62AF0EE42C1261490086BC9F /* PBXContainerItemProxy */;
		};
/* End PBXTargetDependency section */

/* Begin PBXVariantGroup section */
		62AF0ECC2C12613F0086BC9F /* Main.storyboard */ = {
			isa = PBXVariantGroup;
			children = (
				62AF0ECD2C12613F0086BC9F /* Base */,
			);
			name = Main.storyboard;
			sourceTree = "<group>";
		};
		62AF0ED12C1261450086BC9F /* LaunchScreen.storyboard */ = {
			isa = PBXVariantGroup;
			children = (
				62AF0ED22C1261450086BC9F /* Base */,
			);
			name = LaunchScreen.storyboard;
			sourceTree = "<group>";
		};
/* End PBXVariantGroup section */

/* Begin XCBuildConfiguration section */
		62AF0EEB2C1261490086BC9F /* Debug */ = {
			isa = XCBuildConfiguration;
			buildSettings = {
				ALWAYS_SEARCH_USER_PATHS = NO;
				ASSETCATALOG_COMPILER_GENERATE_SWIFT_ASSET_SYMBOL_EXTENSIONS = YES;
				CLANG_ANALYZER_NONNULL = YES;
				CLANG_ANALYZER_NUMBER_OBJECT_CONVERSION = YES_AGGRESSIVE;
				CLANG_CXX_LANGUAGE_STANDARD = "gnu++20";
				CLANG_ENABLE_MODULES = YES;
				CLANG_ENABLE_OBJC_ARC = YES;
				CLANG_ENABLE_OBJC_WEAK = YES;
				CLANG_WARN_BLOCK_CAPTURE_AUTORELEASING = YES;
				CLANG_WARN_BOOL_CONVERSION = YES;
				CLANG_WARN_COMMA = YES;
				CLANG_WARN_CONSTANT_CONVERSION = YES;
				CLANG_WARN_DEPRECATED_OBJC_IMPLEMENTATIONS = YES;
				CLANG_WARN_DIRECT_OBJC_ISA_USAGE = YES_ERROR;
				CLANG_WARN_DOCUMENTATION_COMMENTS = YES;
				CLANG_WARN_EMPTY_BODY = YES;
				CLANG_WARN_ENUM_CONVERSION = YES;
				CLANG_WARN_INFINITE_RECURSION = YES;
				CLANG_WARN_INT_CONVERSION = YES;
				CLANG_WARN_NON_LITERAL_NULL_CONVERSION = YES;
				CLANG_WARN_OBJC_IMPLICIT_RETAIN_SELF = YES;
				CLANG_WARN_OBJC_LITERAL_CONVERSION = YES;
				CLANG_WARN_OBJC_ROOT_CLASS = YES_ERROR;
				CLANG_WARN_QUOTED_INCLUDE_IN_FRAMEWORK_HEADER = YES;
				CLANG_WARN_RANGE_LOOP_ANALYSIS = YES;
				CLANG_WARN_STRICT_PROTOTYPES = YES;
				CLANG_WARN_SUSPICIOUS_MOVE = YES;
				CLANG_WARN_UNGUARDED_AVAILABILITY = YES_AGGRESSIVE;
				CLANG_WARN_UNREACHABLE_CODE = YES;
				CLANG_WARN__DUPLICATE_METHOD_MATCH = YES;
				COPY_PHASE_STRIP = NO;
				DEBUG_INFORMATION_FORMAT = dwarf;
				ENABLE_STRICT_OBJC_MSGSEND = YES;
				ENABLE_TESTABILITY = YES;
				ENABLE_USER_SCRIPT_SANDBOXING = YES;
				GCC_C_LANGUAGE_STANDARD = gnu17;
				GCC_DYNAMIC_NO_PIC = NO;
				GCC_NO_COMMON_BLOCKS = YES;
				GCC_OPTIMIZATION_LEVEL = 0;
				GCC_PREPROCESSOR_DEFINITIONS = (
					"DEBUG=1",
					"$(inherited)",
				);
				GCC_WARN_64_TO_32_BIT_CONVERSION = YES;
				GCC_WARN_ABOUT_RETURN_TYPE = YES_ERROR;
				GCC_WARN_UNDECLARED_SELECTOR = YES;
				GCC_WARN_UNINITIALIZED_AUTOS = YES_AGGRESSIVE;
				GCC_WARN_UNUSED_FUNCTION = YES;
				GCC_WARN_UNUSED_VARIABLE = YES;
				IPHONEOS_DEPLOYMENT_TARGET = 17.5;
				LOCALIZATION_PREFERS_STRING_CATALOGS = YES;
				MTL_ENABLE_DEBUG_INFO = INCLUDE_SOURCE;
				MTL_FAST_MATH = YES;
				ONLY_ACTIVE_ARCH = YES;
				SDKROOT = iphoneos;
				SWIFT_ACTIVE_COMPILATION_CONDITIONS = "DEBUG $(inherited)";
				SWIFT_OPTIMIZATION_LEVEL = "-Onone";
			};
			name = Debug;
		};
		62AF0EEC2C1261490086BC9F /* Release */ = {
			isa = XCBuildConfiguration;
			buildSettings = {
				ALWAYS_SEARCH_USER_PATHS = NO;
				ASSETCATALOG_COMPILER_GENERATE_SWIFT_ASSET_SYMBOL_EXTENSIONS = YES;
				CLANG_ANALYZER_NONNULL = YES;
				CLANG_ANALYZER_NUMBER_OBJECT_CONVERSION = YES_AGGRESSIVE;
				CLANG_CXX_LANGUAGE_STANDARD = "gnu++20";
				CLANG_ENABLE_MODULES = YES;
				CLANG_ENABLE_OBJC_ARC = YES;
				CLANG_ENABLE_OBJC_WEAK = YES;
				CLANG_WARN_BLOCK_CAPTURE_AUTORELEASING = YES;
				CLANG_WARN_BOOL_CONVERSION = YES;
				CLANG_WARN_COMMA = YES;
				CLANG_WARN_CONSTANT_CONVERSION = YES;
				CLANG_WARN_DEPRECATED_OBJC_IMPLEMENTATIONS = YES;
				CLANG_WARN_DIRECT_OBJC_ISA_USAGE = YES_ERROR;
				CLANG_WARN_DOCUMENTATION_COMMENTS = YES;
				CLANG_WARN_EMPTY_BODY = YES;
				CLANG_WARN_ENUM_CONVERSION = YES;
				CLANG_WARN_INFINITE_RECURSION = YES;
				CLANG_WARN_INT_CONVERSION = YES;
				CLANG_WARN_NON_LITERAL_NULL_CONVERSION = YES;
				CLANG_WARN_OBJC_IMPLICIT_RETAIN_SELF = YES;
				CLANG_WARN_OBJC_LITERAL_CONVERSION = YES;
				CLANG_WARN_OBJC_ROOT_CLASS = YES_ERROR;
				CLANG_WARN_QUOTED_INCLUDE_IN_FRAMEWORK_HEADER = YES;
				CLANG_WARN_RANGE_LOOP_ANALYSIS = YES;
				CLANG_WARN_STRICT_PROTOTYPES = YES;
				CLANG_WARN_SUSPICIOUS_MOVE = YES;
				CLANG_WARN_UNGUARDED_AVAILABILITY = YES_AGGRESSIVE;
				CLANG_WARN_UNREACHABLE_CODE = YES;
				CLANG_WARN__DUPLICATE_METHOD_MATCH = YES;
				COPY_PHASE_STRIP = NO;
				DEBUG_INFORMATION_FORMAT = "dwarf-with-dsym";
				ENABLE_NS_ASSERTIONS = NO;
				ENABLE_STRICT_OBJC_MSGSEND = YES;
				ENABLE_USER_SCRIPT_SANDBOXING = YES;
				GCC_C_LANGUAGE_STANDARD = gnu17;
				GCC_NO_COMMON_BLOCKS = YES;
				GCC_WARN_64_TO_32_BIT_CONVERSION = YES;
				GCC_WARN_ABOUT_RETURN_TYPE = YES_ERROR;
				GCC_WARN_UNDECLARED_SELECTOR = YES;
				GCC_WARN_UNINITIALIZED_AUTOS = YES_AGGRESSIVE;
				GCC_WARN_UNUSED_FUNCTION = YES;
				GCC_WARN_UNUSED_VARIABLE = YES;
				IPHONEOS_DEPLOYMENT_TARGET = 17.5;
				LOCALIZATION_PREFERS_STRING_CATALOGS = YES;
				MTL_ENABLE_DEBUG_INFO = NO;
				MTL_FAST_MATH = YES;
				SDKROOT = iphoneos;
				SWIFT_COMPILATION_MODE = wholemodule;
				VALIDATE_PRODUCT = YES;
			};
			name = Release;
		};
		62AF0EEE2C1261490086BC9F /* Debug */ = {
			isa = XCBuildConfiguration;
			buildSettings = {
				ASSETCATALOG_COMPILER_APPICON_NAME = AppIcon;
				ASSETCATALOG_COMPILER_GLOBAL_ACCENT_COLOR_NAME = AccentColor;
				CODE_SIGN_STYLE = Automatic;
				CURRENT_PROJECT_VERSION = 1;
				GENERATE_INFOPLIST_FILE = YES;
				INFOPLIST_FILE = DemoUITestingArea/Info.plist;
				INFOPLIST_KEY_UIApplicationSupportsIndirectInputEvents = YES;
				INFOPLIST_KEY_UILaunchStoryboardName = LaunchScreen;
				INFOPLIST_KEY_UIMainStoryboardFile = Main;
				INFOPLIST_KEY_UISupportedInterfaceOrientations_iPad = "UIInterfaceOrientationPortrait UIInterfaceOrientationPortraitUpsideDown UIInterfaceOrientationLandscapeLeft UIInterfaceOrientationLandscapeRight";
				INFOPLIST_KEY_UISupportedInterfaceOrientations_iPhone = "UIInterfaceOrientationPortrait UIInterfaceOrientationLandscapeLeft UIInterfaceOrientationLandscapeRight";
				LD_RUNPATH_SEARCH_PATHS = (
					"$(inherited)",
					"@executable_path/Frameworks",
				);
				MARKETING_VERSION = 1.0;
				PRODUCT_BUNDLE_IDENTIFIER = com.kedar.DemoUITestingArea;
				PRODUCT_NAME = "$(TARGET_NAME)";
				SWIFT_EMIT_LOC_STRINGS = YES;
				SWIFT_VERSION = 5.0;
				TARGETED_DEVICE_FAMILY = "1,2";
			};
			name = Debug;
		};
		62AF0EEF2C1261490086BC9F /* Release */ = {
			isa = XCBuildConfiguration;
			buildSettings = {
				ASSETCATALOG_COMPILER_APPICON_NAME = AppIcon;
				ASSETCATALOG_COMPILER_GLOBAL_ACCENT_COLOR_NAME = AccentColor;
				CODE_SIGN_STYLE = Automatic;
				CURRENT_PROJECT_VERSION = 1;
				GENERATE_INFOPLIST_FILE = YES;
				INFOPLIST_FILE = DemoUITestingArea/Info.plist;
				INFOPLIST_KEY_UIApplicationSupportsIndirectInputEvents = YES;
				INFOPLIST_KEY_UILaunchStoryboardName = LaunchScreen;
				INFOPLIST_KEY_UIMainStoryboardFile = Main;
				INFOPLIST_KEY_UISupportedInterfaceOrientations_iPad = "UIInterfaceOrientationPortrait UIInterfaceOrientationPortraitUpsideDown UIInterfaceOrientationLandscapeLeft UIInterfaceOrientationLandscapeRight";
				INFOPLIST_KEY_UISupportedInterfaceOrientations_iPhone = "UIInterfaceOrientationPortrait UIInterfaceOrientationLandscapeLeft UIInterfaceOrientationLandscapeRight";
				LD_RUNPATH_SEARCH_PATHS = (
					"$(inherited)",
					"@executable_path/Frameworks",
				);
				MARKETING_VERSION = 1.0;
				PRODUCT_BUNDLE_IDENTIFIER = com.kedar.DemoUITestingArea;
				PRODUCT_NAME = "$(TARGET_NAME)";
				SWIFT_EMIT_LOC_STRINGS = YES;
				SWIFT_VERSION = 5.0;
				TARGETED_DEVICE_FAMILY = "1,2";
			};
			name = Release;
		};
		62AF0EF12C1261490086BC9F /* Debug */ = {
			isa = XCBuildConfiguration;
			buildSettings = {
				ALWAYS_EMBED_SWIFT_STANDARD_LIBRARIES = YES;
				BUNDLE_LOADER = "$(TEST_HOST)";
				CODE_SIGN_STYLE = Automatic;
				CURRENT_PROJECT_VERSION = 1;
				GENERATE_INFOPLIST_FILE = YES;
				IPHONEOS_DEPLOYMENT_TARGET = 17.5;
				MARKETING_VERSION = 1.0;
				PRODUCT_BUNDLE_IDENTIFIER = com.kedar.DemoUITestingAreaTests;
				PRODUCT_NAME = "$(TARGET_NAME)";
				SWIFT_EMIT_LOC_STRINGS = NO;
				SWIFT_VERSION = 5.0;
				TARGETED_DEVICE_FAMILY = "1,2";
				TEST_HOST = "$(BUILT_PRODUCTS_DIR)/DemoUITestingArea.app/$(BUNDLE_EXECUTABLE_FOLDER_PATH)/DemoUITestingArea";
			};
			name = Debug;
		};
		62AF0EF22C1261490086BC9F /* Release */ = {
			isa = XCBuildConfiguration;
			buildSettings = {
				ALWAYS_EMBED_SWIFT_STANDARD_LIBRARIES = YES;
				BUNDLE_LOADER = "$(TEST_HOST)";
				CODE_SIGN_STYLE = Automatic;
				CURRENT_PROJECT_VERSION = 1;
				GENERATE_INFOPLIST_FILE = YES;
				IPHONEOS_DEPLOYMENT_TARGET = 17.5;
				MARKETING_VERSION = 1.0;
				PRODUCT_BUNDLE_IDENTIFIER = com.kedar.DemoUITestingAreaTests;
				PRODUCT_NAME = "$(TARGET_NAME)";
				SWIFT_EMIT_LOC_STRINGS = NO;
				SWIFT_VERSION = 5.0;
				TARGETED_DEVICE_FAMILY = "1,2";
				TEST_HOST = "$(BUILT_PRODUCTS_DIR)/DemoUITestingArea.app/$(BUNDLE_EXECUTABLE_FOLDER_PATH)/DemoUITestingArea";
			};
			name = Release;
		};
		62AF0EF42C1261490086BC9F /* Debug */ = {
			isa = XCBuildConfiguration;
			buildSettings = {
				ALWAYS_EMBED_SWIFT_STANDARD_LIBRARIES = YES;
				CODE_SIGN_STYLE = Automatic;
				CURRENT_PROJECT_VERSION = 1;
				GENERATE_INFOPLIST_FILE = YES;
				MARKETING_VERSION = 1.0;
				PRODUCT_BUNDLE_IDENTIFIER = com.kedar.DemoUITestingAreaUITests;
				PRODUCT_NAME = "$(TARGET_NAME)";
				SWIFT_EMIT_LOC_STRINGS = NO;
				SWIFT_VERSION = 5.0;
				TARGETED_DEVICE_FAMILY = "1,2";
				TEST_TARGET_NAME = DemoUITestingArea;
			};
			name = Debug;
		};
		62AF0EF52C1261490086BC9F /* Release */ = {
			isa = XCBuildConfiguration;
			buildSettings = {
				ALWAYS_EMBED_SWIFT_STANDARD_LIBRARIES = YES;
				CODE_SIGN_STYLE = Automatic;
				CURRENT_PROJECT_VERSION = 1;
				GENERATE_INFOPLIST_FILE = YES;
				MARKETING_VERSION = 1.0;
				PRODUCT_BUNDLE_IDENTIFIER = com.kedar.DemoUITestingAreaUITests;
				PRODUCT_NAME = "$(TARGET_NAME)";
				SWIFT_EMIT_LOC_STRINGS = NO;
				SWIFT_VERSION = 5.0;
				TARGETED_DEVICE_FAMILY = "1,2";
				TEST_TARGET_NAME = DemoUITestingArea;
			};
			name = Release;
		};
/* End XCBuildConfiguration section */

/* Begin XCConfigurationList section */
		62AF0EBE2C12613F0086BC9F /* Build configuration list for PBXProject "DemoUITestingArea" */ = {
			isa = XCConfigurationList;
			buildConfigurations = (
				62AF0EEB2C1261490086BC9F /* Debug */,
				62AF0EEC2C1261490086BC9F /* Release */,
			);
			defaultConfigurationIsVisible = 0;
			defaultConfigurationName = Release;
		};
		62AF0EED2C1261490086BC9F /* Build configuration list for PBXNativeTarget "DemoUITestingArea" */ = {
			isa = XCConfigurationList;
			buildConfigurations = (
				62AF0EEE2C1261490086BC9F /* Debug */,
				62AF0EEF2C1261490086BC9F /* Release */,
			);
			defaultConfigurationIsVisible = 0;
			defaultConfigurationName = Release;
		};
		62AF0EF02C1261490086BC9F /* Build configuration list for PBXNativeTarget "DemoUITestingAreaTests" */ = {
			isa = XCConfigurationList;
			buildConfigurations = (
				62AF0EF12C1261490086BC9F /* Debug */,
				62AF0EF22C1261490086BC9F /* Release */,
			);
			defaultConfigurationIsVisible = 0;
			defaultConfigurationName = Release;
		};
		62AF0EF32C1261490086BC9F /* Build configuration list for PBXNativeTarget "DemoUITestingAreaUITests" */ = {
			isa = XCConfigurationList;
			buildConfigurations = (
				62AF0EF42C1261490086BC9F /* Debug */,
				62AF0EF52C1261490086BC9F /* Release */,
			);
			defaultConfigurationIsVisible = 0;
			defaultConfigurationName = Release;
		};
/* End XCConfigurationList section */
	};
	rootObject = 62AF0EBB2C12613F0086BC9F /* Project object */;
}
